// !$*UTF8*$!
{
	archiveVersion = 1;
	classes = {
	};
	objectVersion = 46;
	objects = {

/* Begin PBXBuildFile section */
		4402018F1E31C36100C30F93 /* ThirdView.swift in Sources */ = {isa = PBXBuildFile; fileRef = 4402018E1E31C36100C30F93 /* ThirdView.swift */; };
		4406C6811C9F6D9D0008119B /* SecondView.swift in Sources */ = {isa = PBXBuildFile; fileRef = 4406C6801C9F6D9D0008119B /* SecondView.swift */; };
		4406C6831C9F6DDE0008119B /* Shift.swift in Sources */ = {isa = PBXBuildFile; fileRef = 4406C6821C9F6DDE0008119B /* Shift.swift */; };
		44A92AA81C9F6C6400EEE000 /* AppDelegate.swift in Sources */ = {isa = PBXBuildFile; fileRef = 44A92AA71C9F6C6400EEE000 /* AppDelegate.swift */; };
		44A92AAA1C9F6C6400EEE000 /* ViewController.swift in Sources */ = {isa = PBXBuildFile; fileRef = 44A92AA91C9F6C6400EEE000 /* ViewController.swift */; };
		44A92AAD1C9F6C6400EEE000 /* Main.storyboard in Resources */ = {isa = PBXBuildFile; fileRef = 44A92AAB1C9F6C6400EEE000 /* Main.storyboard */; };
		44A92AAF1C9F6C6400EEE000 /* Assets.xcassets in Resources */ = {isa = PBXBuildFile; fileRef = 44A92AAE1C9F6C6400EEE000 /* Assets.xcassets */; };
		44A92AB21C9F6C6400EEE000 /* LaunchScreen.storyboard in Resources */ = {isa = PBXBuildFile; fileRef = 44A92AB01C9F6C6400EEE000 /* LaunchScreen.storyboard */; };
/* End PBXBuildFile section */

/* Begin PBXFileReference section */
		4402018E1E31C36100C30F93 /* ThirdView.swift */ = {isa = PBXFileReference; fileEncoding = 4; lastKnownFileType = sourcecode.swift; path = ThirdView.swift; sourceTree = "<group>"; };
		4406C6801C9F6D9D0008119B /* SecondView.swift */ = {isa = PBXFileReference; fileEncoding = 4; lastKnownFileType = sourcecode.swift; path = SecondView.swift; sourceTree = "<group>"; };
		4406C6821C9F6DDE0008119B /* Shift.swift */ = {isa = PBXFileReference; fileEncoding = 4; lastKnownFileType = sourcecode.swift; name = Shift.swift; path = ../Shift.swift; sourceTree = "<group>"; };
		44A92AA41C9F6C6400EEE000 /* obliterate.app */ = {isa = PBXFileReference; explicitFileType = wrapper.application; includeInIndex = 0; path = obliterate.app; sourceTree = BUILT_PRODUCTS_DIR; };
		44A92AA71C9F6C6400EEE000 /* AppDelegate.swift */ = {isa = PBXFileReference; lastKnownFileType = sourcecode.swift; path = AppDelegate.swift; sourceTree = "<group>"; };
		44A92AA91C9F6C6400EEE000 /* ViewController.swift */ = {isa = PBXFileReference; lastKnownFileType = sourcecode.swift; path = ViewController.swift; sourceTree = "<group>"; };
		44A92AAC1C9F6C6400EEE000 /* Base */ = {isa = PBXFileReference; lastKnownFileType = file.storyboard; name = Base; path = Base.lproj/Main.storyboard; sourceTree = "<group>"; };
		44A92AAE1C9F6C6400EEE000 /* Assets.xcassets */ = {isa = PBXFileReference; lastKnownFileType = folder.assetcatalog; path = Assets.xcassets; sourceTree = "<group>"; };
		44A92AB11C9F6C6400EEE000 /* Base */ = {isa = PBXFileReference; lastKnownFileType = file.storyboard; name = Base; path = Base.lproj/LaunchScreen.storyboard; sourceTree = "<group>"; };
		44A92AB31C9F6C6400EEE000 /* Info.plist */ = {isa = PBXFileReference; lastKnownFileType = text.plist.xml; path = Info.plist; sourceTree = "<group>"; };
/* End PBXFileReference section */

/* Begin PBXFrameworksBuildPhase section */
		44A92AA11C9F6C6400EEE000 /* Frameworks */ = {
			isa = PBXFrameworksBuildPhase;
			buildActionMask = 2147483647;
			files = (
			);
			runOnlyForDeploymentPostprocessing = 0;
		};
/* End PBXFrameworksBuildPhase section */

/* Begin PBXGroup section */
		44A92A9B1C9F6C6400EEE000 = {
			isa = PBXGroup;
			children = (
				44A92AA61C9F6C6400EEE000 /* obliterate */,
				44A92AA51C9F6C6400EEE000 /* Products */,
			);
			sourceTree = "<group>";
		};
		44A92AA51C9F6C6400EEE000 /* Products */ = {
			isa = PBXGroup;
			children = (
				44A92AA41C9F6C6400EEE000 /* obliterate.app */,
			);
			name = Products;
			sourceTree = "<group>";
		};
		44A92AA61C9F6C6400EEE000 /* obliterate */ = {
			isa = PBXGroup;
			children = (
				44A92AA71C9F6C6400EEE000 /* AppDelegate.swift */,
				44A92AA91C9F6C6400EEE000 /* ViewController.swift */,
				4406C6801C9F6D9D0008119B /* SecondView.swift */,
				4402018E1E31C36100C30F93 /* ThirdView.swift */,
				4406C6821C9F6DDE0008119B /* Shift.swift */,
				44A92AAB1C9F6C6400EEE000 /* Main.storyboard */,
				44A92AAE1C9F6C6400EEE000 /* Assets.xcassets */,
				44A92AB01C9F6C6400EEE000 /* LaunchScreen.storyboard */,
				44A92AB31C9F6C6400EEE000 /* Info.plist */,
			);
			path = obliterate;
			sourceTree = "<group>";
		};
/* End PBXGroup section */

/* Begin PBXNativeTarget section */
		44A92AA31C9F6C6400EEE000 /* obliterate */ = {
			isa = PBXNativeTarget;
			buildConfigurationList = 44A92AB61C9F6C6400EEE000 /* Build configuration list for PBXNativeTarget "obliterate" */;
			buildPhases = (
				44A92AA01C9F6C6400EEE000 /* Sources */,
				44A92AA11C9F6C6400EEE000 /* Frameworks */,
				44A92AA21C9F6C6400EEE000 /* Resources */,
			);
			buildRules = (
			);
			dependencies = (
			);
			name = obliterate;
			productName = obliterate;
			productReference = 44A92AA41C9F6C6400EEE000 /* obliterate.app */;
			productType = "com.apple.product-type.application";
		};
/* End PBXNativeTarget section */

/* Begin PBXProject section */
		44A92A9C1C9F6C6400EEE000 /* Project object */ = {
			isa = PBXProject;
			attributes = {
				LastSwiftUpdateCheck = 0720;
				LastUpgradeCheck = 0720;
				ORGANIZATIONNAME = "Ōmagatoki";
				TargetAttributes = {
					44A92AA31C9F6C6400EEE000 = {
						CreatedOnToolsVersion = 7.2.1;
						DevelopmentTeam = 8678G77WJ7;
						LastSwiftMigration = 0820;
					};
				};
			};
			buildConfigurationList = 44A92A9F1C9F6C6400EEE000 /* Build configuration list for PBXProject "obliterate" */;
			compatibilityVersion = "Xcode 3.2";
			developmentRegion = English;
			hasScannedForEncodings = 0;
			knownRegions = (
				en,
				Base,
			);
			mainGroup = 44A92A9B1C9F6C6400EEE000;
			productRefGroup = 44A92AA51C9F6C6400EEE000 /* Products */;
			projectDirPath = "";
			projectRoot = "";
			targets = (
				44A92AA31C9F6C6400EEE000 /* obliterate */,
			);
		};
/* End PBXProject section */

/* Begin PBXResourcesBuildPhase section */
		44A92AA21C9F6C6400EEE000 /* Resources */ = {
			isa = PBXResourcesBuildPhase;
			buildActionMask = 2147483647;
			files = (
				44A92AB21C9F6C6400EEE000 /* LaunchScreen.storyboard in Resources */,
				44A92AAF1C9F6C6400EEE000 /* Assets.xcassets in Resources */,
				44A92AAD1C9F6C6400EEE000 /* Main.storyboard in Resources */,
			);
			runOnlyForDeploymentPostprocessing = 0;
		};
/* End PBXResourcesBuildPhase section */

/* Begin PBXSourcesBuildPhase section */
		44A92AA01C9F6C6400EEE000 /* Sources */ = {
			isa = PBXSourcesBuildPhase;
			buildActionMask = 2147483647;
			files = (
				4406C6831C9F6DDE0008119B /* Shift.swift in Sources */,
				4402018F1E31C36100C30F93 /* ThirdView.swift in Sources */,
				44A92AAA1C9F6C6400EEE000 /* ViewController.swift in Sources */,
				4406C6811C9F6D9D0008119B /* SecondView.swift in Sources */,
				44A92AA81C9F6C6400EEE000 /* AppDelegate.swift in Sources */,
			);
			runOnlyForDeploymentPostprocessing = 0;
		};
/* End PBXSourcesBuildPhase section */

/* Begin PBXVariantGroup section */
		44A92AAB1C9F6C6400EEE000 /* Main.storyboard */ = {
			isa = PBXVariantGroup;
			children = (
				44A92AAC1C9F6C6400EEE000 /* Base */,
			);
			name = Main.storyboard;
			sourceTree = "<group>";
		};
		44A92AB01C9F6C6400EEE000 /* LaunchScreen.storyboard */ = {
			isa = PBXVariantGroup;
			children = (
				44A92AB11C9F6C6400EEE000 /* Base */,
			);
			name = LaunchScreen.storyboard;
			sourceTree = "<group>";
		};
/* End PBXVariantGroup section */

/* Begin XCBuildConfiguration section */
		44A92AB41C9F6C6400EEE000 /* Debug */ = {
			isa = XCBuildConfiguration;
			buildSettings = {
				ALWAYS_SEARCH_USER_PATHS = NO;
				CLANG_CXX_LANGUAGE_STANDARD = "gnu++0x";
				CLANG_CXX_LIBRARY = "libc++";
				CLANG_ENABLE_MODULES = YES;
				CLANG_ENABLE_OBJC_ARC = YES;
				CLANG_WARN_BOOL_CONVERSION = YES;
				CLANG_WARN_CONSTANT_CONVERSION = YES;
				CLANG_WARN_DIRECT_OBJC_ISA_USAGE = YES_ERROR;
				CLANG_WARN_EMPTY_BODY = YES;
				CLANG_WARN_ENUM_CONVERSION = YES;
				CLANG_WARN_INT_CONVERSION = YES;
				CLANG_WARN_OBJC_ROOT_CLASS = YES_ERROR;
				CLANG_WARN_UNREACHABLE_CODE = YES;
				CLANG_WARN__DUPLICATE_METHOD_MATCH = YES;
				"CODE_SIGN_IDENTITY[sdk=iphoneos*]" = "iPhone Developer";
				COPY_PHASE_STRIP = NO;
				DEBUG_INFORMATION_FORMAT = dwarf;
				ENABLE_STRICT_OBJC_MSGSEND = YES;
				ENABLE_TESTABILITY = YES;
				GCC_C_LANGUAGE_STANDARD = gnu99;
				GCC_DYNAMIC_NO_PIC = NO;
				GCC_NO_COMMON_BLOCKS = YES;
				GCC_OPTIMIZATION_LEVEL = 0;
				GCC_PREPROCESSOR_DEFINITIONS = (
					"DEBUG=1",
					"$(inherited)",
				);
				GCC_WARN_64_TO_32_BIT_CONVERSION = YES;
				GCC_WARN_ABOUT_RETURN_TYPE = YES_ERROR;
				GCC_WARN_UNDECLARED_SELECTOR = YES;
				GCC_WARN_UNINITIALIZED_AUTOS = YES_AGGRESSIVE;
				GCC_WARN_UNUSED_FUNCTION = YES;
				GCC_WARN_UNUSED_VARIABLE = YES;
				IPHONEOS_DEPLOYMENT_TARGET = 9.2;
				MTL_ENABLE_DEBUG_INFO = YES;
				ONLY_ACTIVE_ARCH = YES;
				SDKROOT = iphoneos;
				SWIFT_OPTIMIZATION_LEVEL = "-Onone";
				TARGETED_DEVICE_FAMILY = "1,2";
			};
			name = Debug;
		};
		44A92AB51C9F6C6400EEE000 /* Release */ = {
			isa = XCBuildConfiguration;
			buildSettings = {
				ALWAYS_SEARCH_USER_PATHS = NO;
				CLANG_CXX_LANGUAGE_STANDARD = "gnu++0x";
				CLANG_CXX_LIBRARY = "libc++";
				CLANG_ENABLE_MODULES = YES;
				CLANG_ENABLE_OBJC_ARC = YES;
				CLANG_WARN_BOOL_CONVERSION = YES;
				CLANG_WARN_CONSTANT_CONVERSION = YES;
				CLANG_WARN_DIRECT_OBJC_ISA_USAGE = YES_ERROR;
				CLANG_WARN_EMPTY_BODY = YES;
				CLANG_WARN_ENUM_CONVERSION = YES;
				CLANG_WARN_INT_CONVERSION = YES;
				CLANG_WARN_OBJC_ROOT_CLASS = YES_ERROR;
				CLANG_WARN_UNREACHABLE_CODE = YES;
				CLANG_WARN__DUPLICATE_METHOD_MATCH = YES;
				"CODE_SIGN_IDENTITY[sdk=iphoneos*]" = "iPhone Developer";
				COPY_PHASE_STRIP = NO;
				DEBUG_INFORMATION_FORMAT = "dwarf-with-dsym";
				ENABLE_NS_ASSERTIONS = NO;
				ENABLE_STRICT_OBJC_MSGSEND = YES;
				GCC_C_LANGUAGE_STANDARD = gnu99;
				GCC_NO_COMMON_BLOCKS = YES;
				GCC_WARN_64_TO_32_BIT_CONVERSION = YES;
				GCC_WARN_ABOUT_RETURN_TYPE = YES_ERROR;
				GCC_WARN_UNDECLARED_SELECTOR = YES;
				GCC_WARN_UNINITIALIZED_AUTOS = YES_AGGRESSIVE;
				GCC_WARN_UNUSED_FUNCTION = YES;
				GCC_WARN_UNUSED_VARIABLE = YES;
				IPHONEOS_DEPLOYMENT_TARGET = 9.2;
				MTL_ENABLE_DEBUG_INFO = NO;
				SDKROOT = iphoneos;
				TARGETED_DEVICE_FAMILY = "1,2";
				VALIDATE_PRODUCT = YES;
			};
			name = Release;
		};
		44A92AB71C9F6C6400EEE000 /* Debug */ = {
			isa = XCBuildConfiguration;
			buildSettings = {
				ASSETCATALOG_COMPILER_APPICON_NAME = AppIcon;
				INFOPLIST_FILE = obliterate/Info.plist;
				LD_RUNPATH_SEARCH_PATHS = "$(inherited) @executable_path/Frameworks";
				PRODUCT_BUNDLE_IDENTIFIER = ranger.lily.obliterate;
				PRODUCT_NAME = "$(TARGET_NAME)";
				SWIFT_VERSION = 3.0;
			};
			name = Debug;
		};
		44A92AB81C9F6C6400EEE000 /* Release */ = {
			isa = XCBuildConfiguration;
			buildSettings = {
				ASSETCATALOG_COMPILER_APPICON_NAME = AppIcon;
				INFOPLIST_FILE = obliterate/Info.plist;
				LD_RUNPATH_SEARCH_PATHS = "$(inherited) @executable_path/Frameworks";
				PRODUCT_BUNDLE_IDENTIFIER = ranger.lily.obliterate;
				PRODUCT_NAME = "$(TARGET_NAME)";
				SWIFT_VERSION = 3.0;
			};
			name = Release;
		};
/* End XCBuildConfiguration section */

/* Begin XCConfigurationList section */
		44A92A9F1C9F6C6400EEE000 /* Build configuration list for PBXProject "obliterate" */ = {
			isa = XCConfigurationList;
			buildConfigurations = (
				44A92AB41C9F6C6400EEE000 /* Debug */,
				44A92AB51C9F6C6400EEE000 /* Release */,
			);
			defaultConfigurationIsVisible = 0;
			defaultConfigurationName = Release;
		};
		44A92AB61C9F6C6400EEE000 /* Build configuration list for PBXNativeTarget "obliterate" */ = {
			isa = XCConfigurationList;
			buildConfigurations = (
				44A92AB71C9F6C6400EEE000 /* Debug */,
				44A92AB81C9F6C6400EEE000 /* Release */,
			);
			defaultConfigurationIsVisible = 0;
			defaultConfigurationName = Release;
		};
/* End XCConfigurationList section */
	};
	rootObject = 44A92A9C1C9F6C6400EEE000 /* Project object */;
}
